// !$*UTF8*$!
{
	archiveVersion = 1;
	classes = {
	};
	objectVersion = 56;
	objects = {

/* Begin PBXBuildFile section */
		000607AB2A2B9AFD009F5AE1 /* Home.swift in Sources */ = {isa = PBXBuildFile; fileRef = 000607AA2A2B9AFD009F5AE1 /* Home.swift */; };
		000607AF2A2B9C4C009F5AE1 /* ProfileView.swift in Sources */ = {isa = PBXBuildFile; fileRef = 000607AE2A2B9C4C009F5AE1 /* ProfileView.swift */; };
		000607B32A2B9DBE009F5AE1 /* NewActivityView.swift in Sources */ = {isa = PBXBuildFile; fileRef = 000607B22A2B9DBE009F5AE1 /* NewActivityView.swift */; };
		000607B72A2B9F09009F5AE1 /* AllActivityView.swift in Sources */ = {isa = PBXBuildFile; fileRef = 000607B62A2B9F09009F5AE1 /* AllActivityView.swift */; };
		000607BA2A2BAF6C009F5AE1 /* Dashboard.swift in Sources */ = {isa = PBXBuildFile; fileRef = 000607B92A2BAF6C009F5AE1 /* Dashboard.swift */; };
		000607BC2A2C307D009F5AE1 /* ReflectionResult_Awesome.swift in Sources */ = {isa = PBXBuildFile; fileRef = 000607BB2A2C307D009F5AE1 /* ReflectionResult_Awesome.swift */; };
		000607BE2A2C30B4009F5AE1 /* ReflectionResult_KeepItUp.swift in Sources */ = {isa = PBXBuildFile; fileRef = 000607BD2A2C30B4009F5AE1 /* ReflectionResult_KeepItUp.swift */; };
		000607C02A2C30CA009F5AE1 /* ReflectionResult_HavingTroubles.swift in Sources */ = {isa = PBXBuildFile; fileRef = 000607BF2A2C30CA009F5AE1 /* ReflectionResult_HavingTroubles.swift */; };
		8B164F262A289E430051893D /* GRLPWRApp.swift in Sources */ = {isa = PBXBuildFile; fileRef = 8B164F252A289E430051893D /* GRLPWRApp.swift */; };
		8B164F282A289E430051893D /* ContentView.swift in Sources */ = {isa = PBXBuildFile; fileRef = 8B164F272A289E430051893D /* ContentView.swift */; };
		8B164F2A2A289E440051893D /* Assets.xcassets in Resources */ = {isa = PBXBuildFile; fileRef = 8B164F292A289E440051893D /* Assets.xcassets */; };
		8B164F2D2A289E440051893D /* Preview Assets.xcassets in Resources */ = {isa = PBXBuildFile; fileRef = 8B164F2C2A289E440051893D /* Preview Assets.xcassets */; };
		8B164F342A28AD8F0051893D /* ActivityCardView.swift in Sources */ = {isa = PBXBuildFile; fileRef = 8B164F332A28AD8F0051893D /* ActivityCardView.swift */; };
		8B164F362A28B1B50051893D /* ActivityModel.swift in Sources */ = {isa = PBXBuildFile; fileRef = 8B164F352A28B1B50051893D /* ActivityModel.swift */; };
/* End PBXBuildFile section */

/* Begin PBXFileReference section */
		000607AA2A2B9AFD009F5AE1 /* Home.swift */ = {isa = PBXFileReference; lastKnownFileType = sourcecode.swift; path = Home.swift; sourceTree = "<group>"; };
		000607AE2A2B9C4C009F5AE1 /* ProfileView.swift */ = {isa = PBXFileReference; lastKnownFileType = sourcecode.swift; path = ProfileView.swift; sourceTree = "<group>"; };
		000607B22A2B9DBE009F5AE1 /* NewActivityView.swift */ = {isa = PBXFileReference; lastKnownFileType = sourcecode.swift; path = NewActivityView.swift; sourceTree = "<group>"; };
		000607B62A2B9F09009F5AE1 /* AllActivityView.swift */ = {isa = PBXFileReference; lastKnownFileType = sourcecode.swift; path = AllActivityView.swift; sourceTree = "<group>"; };
		000607B92A2BAF6C009F5AE1 /* Dashboard.swift */ = {isa = PBXFileReference; lastKnownFileType = sourcecode.swift; path = Dashboard.swift; sourceTree = "<group>"; };
		000607BB2A2C307D009F5AE1 /* ReflectionResult_Awesome.swift */ = {isa = PBXFileReference; lastKnownFileType = sourcecode.swift; path = ReflectionResult_Awesome.swift; sourceTree = "<group>"; };
		000607BD2A2C30B4009F5AE1 /* ReflectionResult_KeepItUp.swift */ = {isa = PBXFileReference; lastKnownFileType = sourcecode.swift; path = ReflectionResult_KeepItUp.swift; sourceTree = "<group>"; };
		000607BF2A2C30CA009F5AE1 /* ReflectionResult_HavingTroubles.swift */ = {isa = PBXFileReference; lastKnownFileType = sourcecode.swift; path = ReflectionResult_HavingTroubles.swift; sourceTree = "<group>"; };
		8B164F222A289E430051893D /* GRLPWR.app */ = {isa = PBXFileReference; explicitFileType = wrapper.application; includeInIndex = 0; path = GRLPWR.app; sourceTree = BUILT_PRODUCTS_DIR; };
		8B164F252A289E430051893D /* GRLPWRApp.swift */ = {isa = PBXFileReference; lastKnownFileType = sourcecode.swift; path = GRLPWRApp.swift; sourceTree = "<group>"; };
		8B164F272A289E430051893D /* ContentView.swift */ = {isa = PBXFileReference; lastKnownFileType = sourcecode.swift; path = ContentView.swift; sourceTree = "<group>"; };
		8B164F292A289E440051893D /* Assets.xcassets */ = {isa = PBXFileReference; lastKnownFileType = folder.assetcatalog; path = Assets.xcassets; sourceTree = "<group>"; };
		8B164F2C2A289E440051893D /* Preview Assets.xcassets */ = {isa = PBXFileReference; lastKnownFileType = folder.assetcatalog; path = "Preview Assets.xcassets"; sourceTree = "<group>"; };
		8B164F332A28AD8F0051893D /* ActivityCardView.swift */ = {isa = PBXFileReference; lastKnownFileType = sourcecode.swift; path = ActivityCardView.swift; sourceTree = "<group>"; };
		8B164F352A28B1B50051893D /* ActivityModel.swift */ = {isa = PBXFileReference; lastKnownFileType = sourcecode.swift; path = ActivityModel.swift; sourceTree = "<group>"; };
/* End PBXFileReference section */

/* Begin PBXFrameworksBuildPhase section */
		8B164F1F2A289E430051893D /* Frameworks */ = {
			isa = PBXFrameworksBuildPhase;
			buildActionMask = 2147483647;
			files = (
			);
			runOnlyForDeploymentPostprocessing = 0;
		};
/* End PBXFrameworksBuildPhase section */

/* Begin PBXGroup section */
		000607A92A2B9AE7009F5AE1 /* View */ = {
			isa = PBXGroup;
			children = (
				000607AA2A2B9AFD009F5AE1 /* Home.swift */,
				000607B92A2BAF6C009F5AE1 /* Dashboard.swift */,
				000607B62A2B9F09009F5AE1 /* AllActivityView.swift */,
				000607AE2A2B9C4C009F5AE1 /* ProfileView.swift */,
				000607B22A2B9DBE009F5AE1 /* NewActivityView.swift */,
				000607B82A2BAABD009F5AE1 /* ReflectionResultView */,
				000607B42A2B9DC6009F5AE1 /* DetailedNewActivityView */,
				000607B52A2B9E70009F5AE1 /* ReflectionView */,
			);
			path = View;
			sourceTree = "<group>";
		};
		000607B42A2B9DC6009F5AE1 /* DetailedNewActivityView */ = {
			isa = PBXGroup;
			children = (
			);
			path = DetailedNewActivityView;
			sourceTree = "<group>";
		};
		000607B52A2B9E70009F5AE1 /* ReflectionView */ = {
			isa = PBXGroup;
			children = (
			);
			path = ReflectionView;
			sourceTree = "<group>";
		};
		000607B82A2BAABD009F5AE1 /* ReflectionResultView */ = {
			isa = PBXGroup;
			children = (
				000607BB2A2C307D009F5AE1 /* ReflectionResult_Awesome.swift */,
				000607BD2A2C30B4009F5AE1 /* ReflectionResult_KeepItUp.swift */,
				000607BF2A2C30CA009F5AE1 /* ReflectionResult_HavingTroubles.swift */,
			);
			path = ReflectionResultView;
			sourceTree = "<group>";
		};
		8B164F192A289E430051893D = {
			isa = PBXGroup;
			children = (
				8B164F242A289E430051893D /* GRLPWR */,
				8B164F232A289E430051893D /* Products */,
			);
			sourceTree = "<group>";
		};
		8B164F232A289E430051893D /* Products */ = {
			isa = PBXGroup;
			children = (
				8B164F222A289E430051893D /* GRLPWR.app */,
			);
			name = Products;
			sourceTree = "<group>";
		};
		8B164F242A289E430051893D /* GRLPWR */ = {
			isa = PBXGroup;
			children = (
				8B164F252A289E430051893D /* GRLPWRApp.swift */,
				000607A92A2B9AE7009F5AE1 /* View */,
				8B164F272A289E430051893D /* ContentView.swift */,
				8B164F352A28B1B50051893D /* ActivityModel.swift */,
				8B164F332A28AD8F0051893D /* ActivityCardView.swift */,
				8B164F292A289E440051893D /* Assets.xcassets */,
				8B164F2B2A289E440051893D /* Preview Content */,
			);
			path = GRLPWR;
			sourceTree = "<group>";
		};
		8B164F2B2A289E440051893D /* Preview Content */ = {
			isa = PBXGroup;
			children = (
				8B164F2C2A289E440051893D /* Preview Assets.xcassets */,
			);
			path = "Preview Content";
			sourceTree = "<group>";
		};
/* End PBXGroup section */

/* Begin PBXNativeTarget section */
		8B164F212A289E430051893D /* GRLPWR */ = {
			isa = PBXNativeTarget;
			buildConfigurationList = 8B164F302A289E440051893D /* Build configuration list for PBXNativeTarget "GRLPWR" */;
			buildPhases = (
				8B164F1E2A289E430051893D /* Sources */,
				8B164F1F2A289E430051893D /* Frameworks */,
				8B164F202A289E430051893D /* Resources */,
			);
			buildRules = (
			);
			dependencies = (
			);
			name = GRLPWR;
			productName = GRLPWR;
			productReference = 8B164F222A289E430051893D /* GRLPWR.app */;
			productType = "com.apple.product-type.application";
		};
/* End PBXNativeTarget section */

/* Begin PBXProject section */
		8B164F1A2A289E430051893D /* Project object */ = {
			isa = PBXProject;
			attributes = {
				BuildIndependentTargetsInParallel = 1;
				LastSwiftUpdateCheck = 1430;
				LastUpgradeCheck = 1430;
				TargetAttributes = {
					8B164F212A289E430051893D = {
						CreatedOnToolsVersion = 14.3;
					};
				};
			};
			buildConfigurationList = 8B164F1D2A289E430051893D /* Build configuration list for PBXProject "GRLPWR" */;
			compatibilityVersion = "Xcode 14.0";
			developmentRegion = en;
			hasScannedForEncodings = 0;
			knownRegions = (
				en,
				Base,
			);
			mainGroup = 8B164F192A289E430051893D;
			productRefGroup = 8B164F232A289E430051893D /* Products */;
			projectDirPath = "";
			projectRoot = "";
			targets = (
				8B164F212A289E430051893D /* GRLPWR */,
			);
		};
/* End PBXProject section */

/* Begin PBXResourcesBuildPhase section */
		8B164F202A289E430051893D /* Resources */ = {
			isa = PBXResourcesBuildPhase;
			buildActionMask = 2147483647;
			files = (
				8B164F2D2A289E440051893D /* Preview Assets.xcassets in Resources */,
				8B164F2A2A289E440051893D /* Assets.xcassets in Resources */,
			);
			runOnlyForDeploymentPostprocessing = 0;
		};
/* End PBXResourcesBuildPhase section */

/* Begin PBXSourcesBuildPhase section */
		8B164F1E2A289E430051893D /* Sources */ = {
			isa = PBXSourcesBuildPhase;
			buildActionMask = 2147483647;
			files = (
				000607B32A2B9DBE009F5AE1 /* NewActivityView.swift in Sources */,
				000607B72A2B9F09009F5AE1 /* AllActivityView.swift in Sources */,
				8B164F362A28B1B50051893D /* ActivityModel.swift in Sources */,
				8B164F342A28AD8F0051893D /* ActivityCardView.swift in Sources */,
				000607BA2A2BAF6C009F5AE1 /* Dashboard.swift in Sources */,
				000607BC2A2C307D009F5AE1 /* ReflectionResult_Awesome.swift in Sources */,
				000607AB2A2B9AFD009F5AE1 /* Home.swift in Sources */,
				8B164F282A289E430051893D /* ContentView.swift in Sources */,
				000607BE2A2C30B4009F5AE1 /* ReflectionResult_KeepItUp.swift in Sources */,
				000607AF2A2B9C4C009F5AE1 /* ProfileView.swift in Sources */,
				000607C02A2C30CA009F5AE1 /* ReflectionResult_HavingTroubles.swift in Sources */,
				8B164F262A289E430051893D /* GRLPWRApp.swift in Sources */,
			);
			runOnlyForDeploymentPostprocessing = 0;
		};
/* End PBXSourcesBuildPhase section */

/* Begin XCBuildConfiguration section */
		8B164F2E2A289E440051893D /* Debug */ = {
			isa = XCBuildConfiguration;
			buildSettings = {
				ALWAYS_SEARCH_USER_PATHS = NO;
				CLANG_ANALYZER_NONNULL = YES;
				CLANG_ANALYZER_NUMBER_OBJECT_CONVERSION = YES_AGGRESSIVE;
				CLANG_CXX_LANGUAGE_STANDARD = "gnu++20";
				CLANG_ENABLE_MODULES = YES;
				CLANG_ENABLE_OBJC_ARC = YES;
				CLANG_ENABLE_OBJC_WEAK = YES;
				CLANG_WARN_BLOCK_CAPTURE_AUTORELEASING = YES;
				CLANG_WARN_BOOL_CONVERSION = YES;
				CLANG_WARN_COMMA = YES;
				CLANG_WARN_CONSTANT_CONVERSION = YES;
				CLANG_WARN_DEPRECATED_OBJC_IMPLEMENTATIONS = YES;
				CLANG_WARN_DIRECT_OBJC_ISA_USAGE = YES_ERROR;
				CLANG_WARN_DOCUMENTATION_COMMENTS = YES;
				CLANG_WARN_EMPTY_BODY = YES;
				CLANG_WARN_ENUM_CONVERSION = YES;
				CLANG_WARN_INFINITE_RECURSION = YES;
				CLANG_WARN_INT_CONVERSION = YES;
				CLANG_WARN_NON_LITERAL_NULL_CONVERSION = YES;
				CLANG_WARN_OBJC_IMPLICIT_RETAIN_SELF = YES;
				CLANG_WARN_OBJC_LITERAL_CONVERSION = YES;
				CLANG_WARN_OBJC_ROOT_CLASS = YES_ERROR;
				CLANG_WARN_QUOTED_INCLUDE_IN_FRAMEWORK_HEADER = YES;
				CLANG_WARN_RANGE_LOOP_ANALYSIS = YES;
				CLANG_WARN_STRICT_PROTOTYPES = YES;
				CLANG_WARN_SUSPICIOUS_MOVE = YES;
				CLANG_WARN_UNGUARDED_AVAILABILITY = YES_AGGRESSIVE;
				CLANG_WARN_UNREACHABLE_CODE = YES;
				CLANG_WARN__DUPLICATE_METHOD_MATCH = YES;
				COPY_PHASE_STRIP = NO;
				DEBUG_INFORMATION_FORMAT = dwarf;
				ENABLE_STRICT_OBJC_MSGSEND = YES;
				ENABLE_TESTABILITY = YES;
				GCC_C_LANGUAGE_STANDARD = gnu11;
				GCC_DYNAMIC_NO_PIC = NO;
				GCC_NO_COMMON_BLOCKS = YES;
				GCC_OPTIMIZATION_LEVEL = 0;
				GCC_PREPROCESSOR_DEFINITIONS = (
					"DEBUG=1",
					"$(inherited)",
				);
				GCC_WARN_64_TO_32_BIT_CONVERSION = YES;
				GCC_WARN_ABOUT_RETURN_TYPE = YES_ERROR;
				GCC_WARN_UNDECLARED_SELECTOR = YES;
				GCC_WARN_UNINITIALIZED_AUTOS = YES_AGGRESSIVE;
				GCC_WARN_UNUSED_FUNCTION = YES;
				GCC_WARN_UNUSED_VARIABLE = YES;
				IPHONEOS_DEPLOYMENT_TARGET = 16.4;
				MTL_ENABLE_DEBUG_INFO = INCLUDE_SOURCE;
				MTL_FAST_MATH = YES;
				ONLY_ACTIVE_ARCH = YES;
				SDKROOT = iphoneos;
				SWIFT_ACTIVE_COMPILATION_CONDITIONS = DEBUG;
				SWIFT_OPTIMIZATION_LEVEL = "-Onone";
			};
			name = Debug;
		};
		8B164F2F2A289E440051893D /* Release */ = {
			isa = XCBuildConfiguration;
			buildSettings = {
				ALWAYS_SEARCH_USER_PATHS = NO;
				CLANG_ANALYZER_NONNULL = YES;
				CLANG_ANALYZER_NUMBER_OBJECT_CONVERSION = YES_AGGRESSIVE;
				CLANG_CXX_LANGUAGE_STANDARD = "gnu++20";
				CLANG_ENABLE_MODULES = YES;
				CLANG_ENABLE_OBJC_ARC = YES;
				CLANG_ENABLE_OBJC_WEAK = YES;
				CLANG_WARN_BLOCK_CAPTURE_AUTORELEASING = YES;
				CLANG_WARN_BOOL_CONVERSION = YES;
				CLANG_WARN_COMMA = YES;
				CLANG_WARN_CONSTANT_CONVERSION = YES;
				CLANG_WARN_DEPRECATED_OBJC_IMPLEMENTATIONS = YES;
				CLANG_WARN_DIRECT_OBJC_ISA_USAGE = YES_ERROR;
				CLANG_WARN_DOCUMENTATION_COMMENTS = YES;
				CLANG_WARN_EMPTY_BODY = YES;
				CLANG_WARN_ENUM_CONVERSION = YES;
				CLANG_WARN_INFINITE_RECURSION = YES;
				CLANG_WARN_INT_CONVERSION = YES;
				CLANG_WARN_NON_LITERAL_NULL_CONVERSION = YES;
				CLANG_WARN_OBJC_IMPLICIT_RETAIN_SELF = YES;
				CLANG_WARN_OBJC_LITERAL_CONVERSION = YES;
				CLANG_WARN_OBJC_ROOT_CLASS = YES_ERROR;
				CLANG_WARN_QUOTED_INCLUDE_IN_FRAMEWORK_HEADER = YES;
				CLANG_WARN_RANGE_LOOP_ANALYSIS = YES;
				CLANG_WARN_STRICT_PROTOTYPES = YES;
				CLANG_WARN_SUSPICIOUS_MOVE = YES;
				CLANG_WARN_UNGUARDED_AVAILABILITY = YES_AGGRESSIVE;
				CLANG_WARN_UNREACHABLE_CODE = YES;
				CLANG_WARN__DUPLICATE_METHOD_MATCH = YES;
				COPY_PHASE_STRIP = NO;
				DEBUG_INFORMATION_FORMAT = "dwarf-with-dsym";
				ENABLE_NS_ASSERTIONS = NO;
				ENABLE_STRICT_OBJC_MSGSEND = YES;
				GCC_C_LANGUAGE_STANDARD = gnu11;
				GCC_NO_COMMON_BLOCKS = YES;
				GCC_WARN_64_TO_32_BIT_CONVERSION = YES;
				GCC_WARN_ABOUT_RETURN_TYPE = YES_ERROR;
				GCC_WARN_UNDECLARED_SELECTOR = YES;
				GCC_WARN_UNINITIALIZED_AUTOS = YES_AGGRESSIVE;
				GCC_WARN_UNUSED_FUNCTION = YES;
				GCC_WARN_UNUSED_VARIABLE = YES;
				IPHONEOS_DEPLOYMENT_TARGET = 16.4;
				MTL_ENABLE_DEBUG_INFO = NO;
				MTL_FAST_MATH = YES;
				SDKROOT = iphoneos;
				SWIFT_COMPILATION_MODE = wholemodule;
				SWIFT_OPTIMIZATION_LEVEL = "-O";
				VALIDATE_PRODUCT = YES;
			};
			name = Release;
		};
		8B164F312A289E440051893D /* Debug */ = {
			isa = XCBuildConfiguration;
			buildSettings = {
				ASSETCATALOG_COMPILER_APPICON_NAME = AppIcon;
				ASSETCATALOG_COMPILER_GLOBAL_ACCENT_COLOR_NAME = AccentColor;
				CODE_SIGN_STYLE = Automatic;
				CURRENT_PROJECT_VERSION = 1;
				DEVELOPMENT_ASSET_PATHS = "\"GRLPWR/Preview Content\"";
				DEVELOPMENT_TEAM = 86T9R8CK49;
				ENABLE_PREVIEWS = YES;
				GENERATE_INFOPLIST_FILE = YES;
				INFOPLIST_KEY_UIApplicationSceneManifest_Generation = YES;
				INFOPLIST_KEY_UIApplicationSupportsIndirectInputEvents = YES;
				INFOPLIST_KEY_UILaunchScreen_Generation = YES;
				INFOPLIST_KEY_UISupportedInterfaceOrientations_iPad = "UIInterfaceOrientationPortrait UIInterfaceOrientationPortraitUpsideDown UIInterfaceOrientationLandscapeLeft UIInterfaceOrientationLandscapeRight";
				INFOPLIST_KEY_UISupportedInterfaceOrientations_iPhone = "UIInterfaceOrientationPortrait UIInterfaceOrientationLandscapeLeft UIInterfaceOrientationLandscapeRight";
				LD_RUNPATH_SEARCH_PATHS = (
					"$(inherited)",
					"@executable_path/Frameworks",
				);
				MARKETING_VERSION = 1.0;
				PRODUCT_BUNDLE_IDENTIFIER = com.evelyn.GRLPWR;
				PRODUCT_NAME = "$(TARGET_NAME)";
				SWIFT_EMIT_LOC_STRINGS = YES;
				SWIFT_VERSION = 5.0;
				TARGETED_DEVICE_FAMILY = "1,2";
			};
			name = Debug;
		};
		8B164F322A289E440051893D /* Release */ = {
			isa = XCBuildConfiguration;
			buildSettings = {
				ASSETCATALOG_COMPILER_APPICON_NAME = AppIcon;
				ASSETCATALOG_COMPILER_GLOBAL_ACCENT_COLOR_NAME = AccentColor;
				CODE_SIGN_STYLE = Automatic;
				CURRENT_PROJECT_VERSION = 1;
				DEVELOPMENT_ASSET_PATHS = "\"GRLPWR/Preview Content\"";
				DEVELOPMENT_TEAM = 86T9R8CK49;
				ENABLE_PREVIEWS = YES;
				GENERATE_INFOPLIST_FILE = YES;
				INFOPLIST_KEY_UIApplicationSceneManifest_Generation = YES;
				INFOPLIST_KEY_UIApplicationSupportsIndirectInputEvents = YES;
				INFOPLIST_KEY_UILaunchScreen_Generation = YES;
				INFOPLIST_KEY_UISupportedInterfaceOrientations_iPad = "UIInterfaceOrientationPortrait UIInterfaceOrientationPortraitUpsideDown UIInterfaceOrientationLandscapeLeft UIInterfaceOrientationLandscapeRight";
				INFOPLIST_KEY_UISupportedInterfaceOrientations_iPhone = "UIInterfaceOrientationPortrait UIInterfaceOrientationLandscapeLeft UIInterfaceOrientationLandscapeRight";
				LD_RUNPATH_SEARCH_PATHS = (
					"$(inherited)",
					"@executable_path/Frameworks",
				);
				MARKETING_VERSION = 1.0;
				PRODUCT_BUNDLE_IDENTIFIER = com.evelyn.GRLPWR;
				PRODUCT_NAME = "$(TARGET_NAME)";
				SWIFT_EMIT_LOC_STRINGS = YES;
				SWIFT_VERSION = 5.0;
				TARGETED_DEVICE_FAMILY = "1,2";
			};
			name = Release;
		};
/* End XCBuildConfiguration section */

/* Begin XCConfigurationList section */
		8B164F1D2A289E430051893D /* Build configuration list for PBXProject "GRLPWR" */ = {
			isa = XCConfigurationList;
			buildConfigurations = (
				8B164F2E2A289E440051893D /* Debug */,
				8B164F2F2A289E440051893D /* Release */,
			);
			defaultConfigurationIsVisible = 0;
			defaultConfigurationName = Release;
		};
		8B164F302A289E440051893D /* Build configuration list for PBXNativeTarget "GRLPWR" */ = {
			isa = XCConfigurationList;
			buildConfigurations = (
				8B164F312A289E440051893D /* Debug */,
				8B164F322A289E440051893D /* Release */,
			);
			defaultConfigurationIsVisible = 0;
			defaultConfigurationName = Release;
		};
/* End XCConfigurationList section */
	};
	rootObject = 8B164F1A2A289E430051893D /* Project object */;
}
